// !$*UTF8*$!
{
	archiveVersion = 1;
	classes = {
	};
	objectVersion = 56;
	objects = {

/* Begin PBXBuildFile section */
		B7F1BA3F2D17CD4E000A4CB1 /* AppDelegate.swift in Sources */ = {isa = PBXBuildFile; fileRef = B7F1BA3E2D17CD4E000A4CB1 /* AppDelegate.swift */; };
		B7F1BA412D17CD4E000A4CB1 /* SceneDelegate.swift in Sources */ = {isa = PBXBuildFile; fileRef = B7F1BA402D17CD4E000A4CB1 /* SceneDelegate.swift */; };
		B7F1BA432D17CD4E000A4CB1 /* ViewController.swift in Sources */ = {isa = PBXBuildFile; fileRef = B7F1BA422D17CD4E000A4CB1 /* ViewController.swift */; };
		B7F1BA462D17CD4E000A4CB1 /* Main.storyboard in Resources */ = {isa = PBXBuildFile; fileRef = B7F1BA442D17CD4E000A4CB1 /* Main.storyboard */; };
		B7F1BA492D17CD4E000A4CB1 /* Proyect_Vet.xcdatamodeld in Sources */ = {isa = PBXBuildFile; fileRef = B7F1BA472D17CD4E000A4CB1 /* Proyect_Vet.xcdatamodeld */; };
		B7F1BA4B2D17CD4F000A4CB1 /* Assets.xcassets in Resources */ = {isa = PBXBuildFile; fileRef = B7F1BA4A2D17CD4F000A4CB1 /* Assets.xcassets */; };
		B7F1BA4E2D17CD4F000A4CB1 /* LaunchScreen.storyboard in Resources */ = {isa = PBXBuildFile; fileRef = B7F1BA4C2D17CD4F000A4CB1 /* LaunchScreen.storyboard */; };
		B7F1BA592D17E64F000A4CB1 /* VetDataModel.xcdatamodeld in Sources */ = {isa = PBXBuildFile; fileRef = B7F1BA572D17E64F000A4CB1 /* VetDataModel.xcdatamodeld */; };
		B7F1BA5B2D17E7EE000A4CB1 /* RegisterViewController.swift in Sources */ = {isa = PBXBuildFile; fileRef = B7F1BA5A2D17E7EE000A4CB1 /* RegisterViewController.swift */; };
		B7F1BA5D2D180938000A4CB1 /* MisMascotasViewController.swift in Sources */ = {isa = PBXBuildFile; fileRef = B7F1BA5C2D180938000A4CB1 /* MisMascotasViewController.swift */; };
		B7F1BA5F2D180B9C000A4CB1 /* loginViewController.swift in Sources */ = {isa = PBXBuildFile; fileRef = B7F1BA5E2D180B9C000A4CB1 /* loginViewController.swift */; };
		B7F1BA662D182FAB000A4CB1 /* MascotaTableViewCell.swift in Sources */ = {isa = PBXBuildFile; fileRef = B7F1BA652D182FAB000A4CB1 /* MascotaTableViewCell.swift */; };
		B7F1BA682D1868C8000A4CB1 /* RegisterMascotaViewController.swift in Sources */ = {isa = PBXBuildFile; fileRef = B7F1BA672D1868C8000A4CB1 /* RegisterMascotaViewController.swift */; };
/* End PBXBuildFile section */

/* Begin PBXFileReference section */
		B7F1BA3B2D17CD4E000A4CB1 /* Proyect-Vet.app */ = {isa = PBXFileReference; explicitFileType = wrapper.application; includeInIndex = 0; path = "Proyect-Vet.app"; sourceTree = BUILT_PRODUCTS_DIR; };
		B7F1BA3E2D17CD4E000A4CB1 /* AppDelegate.swift */ = {isa = PBXFileReference; lastKnownFileType = sourcecode.swift; path = AppDelegate.swift; sourceTree = "<group>"; };
		B7F1BA402D17CD4E000A4CB1 /* SceneDelegate.swift */ = {isa = PBXFileReference; lastKnownFileType = sourcecode.swift; path = SceneDelegate.swift; sourceTree = "<group>"; };
		B7F1BA422D17CD4E000A4CB1 /* ViewController.swift */ = {isa = PBXFileReference; lastKnownFileType = sourcecode.swift; path = ViewController.swift; sourceTree = "<group>"; };
		B7F1BA452D17CD4E000A4CB1 /* Base */ = {isa = PBXFileReference; lastKnownFileType = file.storyboard; name = Base; path = Base.lproj/Main.storyboard; sourceTree = "<group>"; };
		B7F1BA482D17CD4E000A4CB1 /* Proyect_Vet.xcdatamodel */ = {isa = PBXFileReference; lastKnownFileType = wrapper.xcdatamodel; path = Proyect_Vet.xcdatamodel; sourceTree = "<group>"; };
		B7F1BA4A2D17CD4F000A4CB1 /* Assets.xcassets */ = {isa = PBXFileReference; lastKnownFileType = folder.assetcatalog; path = Assets.xcassets; sourceTree = "<group>"; };
		B7F1BA4D2D17CD4F000A4CB1 /* Base */ = {isa = PBXFileReference; lastKnownFileType = file.storyboard; name = Base; path = Base.lproj/LaunchScreen.storyboard; sourceTree = "<group>"; };
		B7F1BA4F2D17CD4F000A4CB1 /* Info.plist */ = {isa = PBXFileReference; lastKnownFileType = text.plist.xml; path = Info.plist; sourceTree = "<group>"; };
		B7F1BA582D17E64F000A4CB1 /* VetDataModel.xcdatamodel */ = {isa = PBXFileReference; lastKnownFileType = wrapper.xcdatamodel; path = VetDataModel.xcdatamodel; sourceTree = "<group>"; };
		B7F1BA5A2D17E7EE000A4CB1 /* RegisterViewController.swift */ = {isa = PBXFileReference; lastKnownFileType = sourcecode.swift; path = RegisterViewController.swift; sourceTree = "<group>"; };
		B7F1BA5C2D180938000A4CB1 /* MisMascotasViewController.swift */ = {isa = PBXFileReference; lastKnownFileType = sourcecode.swift; path = MisMascotasViewController.swift; sourceTree = "<group>"; };
		B7F1BA5E2D180B9C000A4CB1 /* loginViewController.swift */ = {isa = PBXFileReference; lastKnownFileType = sourcecode.swift; path = loginViewController.swift; sourceTree = "<group>"; };
		B7F1BA652D182FAB000A4CB1 /* MascotaTableViewCell.swift */ = {isa = PBXFileReference; lastKnownFileType = sourcecode.swift; path = MascotaTableViewCell.swift; sourceTree = "<group>"; };
		B7F1BA672D1868C8000A4CB1 /* RegisterMascotaViewController.swift */ = {isa = PBXFileReference; lastKnownFileType = sourcecode.swift; path = RegisterMascotaViewController.swift; sourceTree = "<group>"; };
/* End PBXFileReference section */

/* Begin PBXFrameworksBuildPhase section */
		B7F1BA382D17CD4E000A4CB1 /* Frameworks */ = {
			isa = PBXFrameworksBuildPhase;
			buildActionMask = 2147483647;
			files = (
			);
			runOnlyForDeploymentPostprocessing = 0;
		};
/* End PBXFrameworksBuildPhase section */

/* Begin PBXGroup section */
		B7F1BA322D17CD4E000A4CB1 = {
			isa = PBXGroup;
			children = (
				B7F1BA3D2D17CD4E000A4CB1 /* Proyect-Vet */,
				B7F1BA3C2D17CD4E000A4CB1 /* Products */,
			);
			sourceTree = "<group>";
		};
		B7F1BA3C2D17CD4E000A4CB1 /* Products */ = {
			isa = PBXGroup;
			children = (
				B7F1BA3B2D17CD4E000A4CB1 /* Proyect-Vet.app */,
			);
			name = Products;
			sourceTree = "<group>";
		};
		B7F1BA3D2D17CD4E000A4CB1 /* Proyect-Vet */ = {
			isa = PBXGroup;
			children = (
				B7F1BA5A2D17E7EE000A4CB1 /* RegisterViewController.swift */,
				B7F1BA5E2D180B9C000A4CB1 /* loginViewController.swift */,
				B7F1BA5C2D180938000A4CB1 /* MisMascotasViewController.swift */,
				B7F1BA3E2D17CD4E000A4CB1 /* AppDelegate.swift */,
				B7F1BA402D17CD4E000A4CB1 /* SceneDelegate.swift */,
				B7F1BA422D17CD4E000A4CB1 /* ViewController.swift */,
				B7F1BA442D17CD4E000A4CB1 /* Main.storyboard */,
				B7F1BA4A2D17CD4F000A4CB1 /* Assets.xcassets */,
				B7F1BA4C2D17CD4F000A4CB1 /* LaunchScreen.storyboard */,
				B7F1BA4F2D17CD4F000A4CB1 /* Info.plist */,
				B7F1BA472D17CD4E000A4CB1 /* Proyect_Vet.xcdatamodeld */,
				B7F1BA572D17E64F000A4CB1 /* VetDataModel.xcdatamodeld */,
				B7F1BA652D182FAB000A4CB1 /* MascotaTableViewCell.swift */,
				B7F1BA672D1868C8000A4CB1 /* RegisterMascotaViewController.swift */,
			);
			path = "Proyect-Vet";
			sourceTree = "<group>";
		};
/* End PBXGroup section */

/* Begin PBXNativeTarget section */
		B7F1BA3A2D17CD4E000A4CB1 /* Proyect-Vet */ = {
			isa = PBXNativeTarget;
			buildConfigurationList = B7F1BA522D17CD4F000A4CB1 /* Build configuration list for PBXNativeTarget "Proyect-Vet" */;
			buildPhases = (
				B7F1BA372D17CD4E000A4CB1 /* Sources */,
				B7F1BA382D17CD4E000A4CB1 /* Frameworks */,
				B7F1BA392D17CD4E000A4CB1 /* Resources */,
			);
			buildRules = (
			);
			dependencies = (
			);
			name = "Proyect-Vet";
			productName = "Proyect-Vet";
			productReference = B7F1BA3B2D17CD4E000A4CB1 /* Proyect-Vet.app */;
			productType = "com.apple.product-type.application";
		};
/* End PBXNativeTarget section */

/* Begin PBXProject section */
		B7F1BA332D17CD4E000A4CB1 /* Project object */ = {
			isa = PBXProject;
			attributes = {
				BuildIndependentTargetsInParallel = 1;
				LastSwiftUpdateCheck = 1420;
				LastUpgradeCheck = 1420;
				TargetAttributes = {
					B7F1BA3A2D17CD4E000A4CB1 = {
						CreatedOnToolsVersion = 14.2;
					};
				};
			};
			buildConfigurationList = B7F1BA362D17CD4E000A4CB1 /* Build configuration list for PBXProject "Proyect-Vet" */;
			compatibilityVersion = "Xcode 14.0";
			developmentRegion = en;
			hasScannedForEncodings = 0;
			knownRegions = (
				en,
				Base,
			);
			mainGroup = B7F1BA322D17CD4E000A4CB1;
			productRefGroup = B7F1BA3C2D17CD4E000A4CB1 /* Products */;
			projectDirPath = "";
			projectRoot = "";
			targets = (
				B7F1BA3A2D17CD4E000A4CB1 /* Proyect-Vet */,
			);
		};
/* End PBXProject section */

/* Begin PBXResourcesBuildPhase section */
		B7F1BA392D17CD4E000A4CB1 /* Resources */ = {
			isa = PBXResourcesBuildPhase;
			buildActionMask = 2147483647;
			files = (
				B7F1BA4E2D17CD4F000A4CB1 /* LaunchScreen.storyboard in Resources */,
				B7F1BA4B2D17CD4F000A4CB1 /* Assets.xcassets in Resources */,
				B7F1BA462D17CD4E000A4CB1 /* Main.storyboard in Resources */,
			);
			runOnlyForDeploymentPostprocessing = 0;
		};
/* End PBXResourcesBuildPhase section */

/* Begin PBXSourcesBuildPhase section */
		B7F1BA372D17CD4E000A4CB1 /* Sources */ = {
			isa = PBXSourcesBuildPhase;
			buildActionMask = 2147483647;
			files = (
				B7F1BA492D17CD4E000A4CB1 /* Proyect_Vet.xcdatamodeld in Sources */,
				B7F1BA5D2D180938000A4CB1 /* MisMascotasViewController.swift in Sources */,
				B7F1BA682D1868C8000A4CB1 /* RegisterMascotaViewController.swift in Sources */,
				B7F1BA592D17E64F000A4CB1 /* VetDataModel.xcdatamodeld in Sources */,
				B7F1BA432D17CD4E000A4CB1 /* ViewController.swift in Sources */,
				B7F1BA5F2D180B9C000A4CB1 /* loginViewController.swift in Sources */,
				B7F1BA5B2D17E7EE000A4CB1 /* RegisterViewController.swift in Sources */,
				B7F1BA662D182FAB000A4CB1 /* MascotaTableViewCell.swift in Sources */,
				B7F1BA3F2D17CD4E000A4CB1 /* AppDelegate.swift in Sources */,
				B7F1BA412D17CD4E000A4CB1 /* SceneDelegate.swift in Sources */,
			);
			runOnlyForDeploymentPostprocessing = 0;
		};
/* End PBXSourcesBuildPhase section */

/* Begin PBXVariantGroup section */
		B7F1BA442D17CD4E000A4CB1 /* Main.storyboard */ = {
			isa = PBXVariantGroup;
			children = (
				B7F1BA452D17CD4E000A4CB1 /* Base */,
			);
			name = Main.storyboard;
			sourceTree = "<group>";
		};
		B7F1BA4C2D17CD4F000A4CB1 /* LaunchScreen.storyboard */ = {
			isa = PBXVariantGroup;
			children = (
				B7F1BA4D2D17CD4F000A4CB1 /* Base */,
			);
			name = LaunchScreen.storyboard;
			sourceTree = "<group>";
		};
/* End PBXVariantGroup section */

/* Begin XCBuildConfiguration section */
		B7F1BA502D17CD4F000A4CB1 /* Debug */ = {
			isa = XCBuildConfiguration;
			buildSettings = {
				ALWAYS_SEARCH_USER_PATHS = NO;
				CLANG_ANALYZER_NONNULL = YES;
				CLANG_ANALYZER_NUMBER_OBJECT_CONVERSION = YES_AGGRESSIVE;
				CLANG_CXX_LANGUAGE_STANDARD = "gnu++20";
				CLANG_ENABLE_MODULES = YES;
				CLANG_ENABLE_OBJC_ARC = YES;
				CLANG_ENABLE_OBJC_WEAK = YES;
				CLANG_WARN_BLOCK_CAPTURE_AUTORELEASING = YES;
				CLANG_WARN_BOOL_CONVERSION = YES;
				CLANG_WARN_COMMA = YES;
				CLANG_WARN_CONSTANT_CONVERSION = YES;
				CLANG_WARN_DEPRECATED_OBJC_IMPLEMENTATIONS = YES;
				CLANG_WARN_DIRECT_OBJC_ISA_USAGE = YES_ERROR;
				CLANG_WARN_DOCUMENTATION_COMMENTS = YES;
				CLANG_WARN_EMPTY_BODY = YES;
				CLANG_WARN_ENUM_CONVERSION = YES;
				CLANG_WARN_INFINITE_RECURSION = YES;
				CLANG_WARN_INT_CONVERSION = YES;
				CLANG_WARN_NON_LITERAL_NULL_CONVERSION = YES;
				CLANG_WARN_OBJC_IMPLICIT_RETAIN_SELF = YES;
				CLANG_WARN_OBJC_LITERAL_CONVERSION = YES;
				CLANG_WARN_OBJC_ROOT_CLASS = YES_ERROR;
				CLANG_WARN_QUOTED_INCLUDE_IN_FRAMEWORK_HEADER = YES;
				CLANG_WARN_RANGE_LOOP_ANALYSIS = YES;
				CLANG_WARN_STRICT_PROTOTYPES = YES;
				CLANG_WARN_SUSPICIOUS_MOVE = YES;
				CLANG_WARN_UNGUARDED_AVAILABILITY = YES_AGGRESSIVE;
				CLANG_WARN_UNREACHABLE_CODE = YES;
				CLANG_WARN__DUPLICATE_METHOD_MATCH = YES;
				COPY_PHASE_STRIP = NO;
				DEBUG_INFORMATION_FORMAT = dwarf;
				ENABLE_STRICT_OBJC_MSGSEND = YES;
				ENABLE_TESTABILITY = YES;
				GCC_C_LANGUAGE_STANDARD = gnu11;
				GCC_DYNAMIC_NO_PIC = NO;
				GCC_NO_COMMON_BLOCKS = YES;
				GCC_OPTIMIZATION_LEVEL = 0;
				GCC_PREPROCESSOR_DEFINITIONS = (
					"DEBUG=1",
					"$(inherited)",
				);
				GCC_WARN_64_TO_32_BIT_CONVERSION = YES;
				GCC_WARN_ABOUT_RETURN_TYPE = YES_ERROR;
				GCC_WARN_UNDECLARED_SELECTOR = YES;
				GCC_WARN_UNINITIALIZED_AUTOS = YES_AGGRESSIVE;
				GCC_WARN_UNUSED_FUNCTION = YES;
				GCC_WARN_UNUSED_VARIABLE = YES;
				IPHONEOS_DEPLOYMENT_TARGET = 16.2;
				MTL_ENABLE_DEBUG_INFO = INCLUDE_SOURCE;
				MTL_FAST_MATH = YES;
				ONLY_ACTIVE_ARCH = YES;
				SDKROOT = iphoneos;
				SWIFT_ACTIVE_COMPILATION_CONDITIONS = DEBUG;
				SWIFT_OPTIMIZATION_LEVEL = "-Onone";
			};
			name = Debug;
		};
		B7F1BA512D17CD4F000A4CB1 /* Release */ = {
			isa = XCBuildConfiguration;
			buildSettings = {
				ALWAYS_SEARCH_USER_PATHS = NO;
				CLANG_ANALYZER_NONNULL = YES;
				CLANG_ANALYZER_NUMBER_OBJECT_CONVERSION = YES_AGGRESSIVE;
				CLANG_CXX_LANGUAGE_STANDARD = "gnu++20";
				CLANG_ENABLE_MODULES = YES;
				CLANG_ENABLE_OBJC_ARC = YES;
				CLANG_ENABLE_OBJC_WEAK = YES;
				CLANG_WARN_BLOCK_CAPTURE_AUTORELEASING = YES;
				CLANG_WARN_BOOL_CONVERSION = YES;
				CLANG_WARN_COMMA = YES;
				CLANG_WARN_CONSTANT_CONVERSION = YES;
				CLANG_WARN_DEPRECATED_OBJC_IMPLEMENTATIONS = YES;
				CLANG_WARN_DIRECT_OBJC_ISA_USAGE = YES_ERROR;
				CLANG_WARN_DOCUMENTATION_COMMENTS = YES;
				CLANG_WARN_EMPTY_BODY = YES;
				CLANG_WARN_ENUM_CONVERSION = YES;
				CLANG_WARN_INFINITE_RECURSION = YES;
				CLANG_WARN_INT_CONVERSION = YES;
				CLANG_WARN_NON_LITERAL_NULL_CONVERSION = YES;
				CLANG_WARN_OBJC_IMPLICIT_RETAIN_SELF = YES;
				CLANG_WARN_OBJC_LITERAL_CONVERSION = YES;
				CLANG_WARN_OBJC_ROOT_CLASS = YES_ERROR;
				CLANG_WARN_QUOTED_INCLUDE_IN_FRAMEWORK_HEADER = YES;
				CLANG_WARN_RANGE_LOOP_ANALYSIS = YES;
				CLANG_WARN_STRICT_PROTOTYPES = YES;
				CLANG_WARN_SUSPICIOUS_MOVE = YES;
				CLANG_WARN_UNGUARDED_AVAILABILITY = YES_AGGRESSIVE;
				CLANG_WARN_UNREACHABLE_CODE = YES;
				CLANG_WARN__DUPLICATE_METHOD_MATCH = YES;
				COPY_PHASE_STRIP = NO;
				DEBUG_INFORMATION_FORMAT = "dwarf-with-dsym";
				ENABLE_NS_ASSERTIONS = NO;
				ENABLE_STRICT_OBJC_MSGSEND = YES;
				GCC_C_LANGUAGE_STANDARD = gnu11;
				GCC_NO_COMMON_BLOCKS = YES;
				GCC_WARN_64_TO_32_BIT_CONVERSION = YES;
				GCC_WARN_ABOUT_RETURN_TYPE = YES_ERROR;
				GCC_WARN_UNDECLARED_SELECTOR = YES;
				GCC_WARN_UNINITIALIZED_AUTOS = YES_AGGRESSIVE;
				GCC_WARN_UNUSED_FUNCTION = YES;
				GCC_WARN_UNUSED_VARIABLE = YES;
				IPHONEOS_DEPLOYMENT_TARGET = 16.2;
				MTL_ENABLE_DEBUG_INFO = NO;
				MTL_FAST_MATH = YES;
				SDKROOT = iphoneos;
				SWIFT_COMPILATION_MODE = wholemodule;
				SWIFT_OPTIMIZATION_LEVEL = "-O";
				VALIDATE_PRODUCT = YES;
			};
			name = Release;
		};
		B7F1BA532D17CD4F000A4CB1 /* Debug */ = {
			isa = XCBuildConfiguration;
			buildSettings = {
				ASSETCATALOG_COMPILER_APPICON_NAME = AppIcon;
				ASSETCATALOG_COMPILER_GLOBAL_ACCENT_COLOR_NAME = AccentColor;
				CODE_SIGN_STYLE = Automatic;
				CURRENT_PROJECT_VERSION = 1;
				DEVELOPMENT_TEAM = "";
				GENERATE_INFOPLIST_FILE = YES;
				INFOPLIST_FILE = "Proyect-Vet/Info.plist";
				INFOPLIST_KEY_UIApplicationSupportsIndirectInputEvents = YES;
				INFOPLIST_KEY_UILaunchStoryboardName = LaunchScreen.storyboard;
				INFOPLIST_KEY_UIMainStoryboardFile = Main;
				INFOPLIST_KEY_UISupportedInterfaceOrientations_iPad = "UIInterfaceOrientationPortrait UIInterfaceOrientationPortraitUpsideDown UIInterfaceOrientationLandscapeLeft UIInterfaceOrientationLandscapeRight";
				INFOPLIST_KEY_UISupportedInterfaceOrientations_iPhone = "UIInterfaceOrientationPortrait UIInterfaceOrientationLandscapeLeft UIInterfaceOrientationLandscapeRight";
				LD_RUNPATH_SEARCH_PATHS = (
					"$(inherited)",
					"@executable_path/Frameworks",
				);
				MARKETING_VERSION = 1.0;
				PRODUCT_BUNDLE_IDENTIFIER = "com.cibertec.Proyect-Vet";
				PRODUCT_NAME = "$(TARGET_NAME)";
				SWIFT_EMIT_LOC_STRINGS = YES;
				SWIFT_VERSION = 5.0;
				TARGETED_DEVICE_FAMILY = "1,2";
			};
			name = Debug;
		};
		B7F1BA542D17CD4F000A4CB1 /* Release */ = {
			isa = XCBuildConfiguration;
			buildSettings = {
				ASSETCATALOG_COMPILER_APPICON_NAME = AppIcon;
				ASSETCATALOG_COMPILER_GLOBAL_ACCENT_COLOR_NAME = AccentColor;
				CODE_SIGN_STYLE = Automatic;
				CURRENT_PROJECT_VERSION = 1;
				DEVELOPMENT_TEAM = "";
				GENERATE_INFOPLIST_FILE = YES;
				INFOPLIST_FILE = "Proyect-Vet/Info.plist";
				INFOPLIST_KEY_UIApplicationSupportsIndirectInputEvents = YES;
				INFOPLIST_KEY_UILaunchStoryboardName = LaunchScreen.storyboard;
				INFOPLIST_KEY_UIMainStoryboardFile = Main;
				INFOPLIST_KEY_UISupportedInterfaceOrientations_iPad = "UIInterfaceOrientationPortrait UIInterfaceOrientationPortraitUpsideDown UIInterfaceOrientationLandscapeLeft UIInterfaceOrientationLandscapeRight";
				INFOPLIST_KEY_UISupportedInterfaceOrientations_iPhone = "UIInterfaceOrientationPortrait UIInterfaceOrientationLandscapeLeft UIInterfaceOrientationLandscapeRight";
				LD_RUNPATH_SEARCH_PATHS = (
					"$(inherited)",
					"@executable_path/Frameworks",
				);
				MARKETING_VERSION = 1.0;
				PRODUCT_BUNDLE_IDENTIFIER = "com.cibertec.Proyect-Vet";
				PRODUCT_NAME = "$(TARGET_NAME)";
				SWIFT_EMIT_LOC_STRINGS = YES;
				SWIFT_VERSION = 5.0;
				TARGETED_DEVICE_FAMILY = "1,2";
			};
			name = Release;
		};
/* End XCBuildConfiguration section */

/* Begin XCConfigurationList section */
		B7F1BA362D17CD4E000A4CB1 /* Build configuration list for PBXProject "Proyect-Vet" */ = {
			isa = XCConfigurationList;
			buildConfigurations = (
				B7F1BA502D17CD4F000A4CB1 /* Debug */,
				B7F1BA512D17CD4F000A4CB1 /* Release */,
			);
			defaultConfigurationIsVisible = 0;
			defaultConfigurationName = Release;
		};
		B7F1BA522D17CD4F000A4CB1 /* Build configuration list for PBXNativeTarget "Proyect-Vet" */ = {
			isa = XCConfigurationList;
			buildConfigurations = (
				B7F1BA532D17CD4F000A4CB1 /* Debug */,
				B7F1BA542D17CD4F000A4CB1 /* Release */,
			);
			defaultConfigurationIsVisible = 0;
			defaultConfigurationName = Release;
		};
/* End XCConfigurationList section */

/* Begin XCVersionGroup section */
		B7F1BA472D17CD4E000A4CB1 /* Proyect_Vet.xcdatamodeld */ = {
			isa = XCVersionGroup;
			children = (
				B7F1BA482D17CD4E000A4CB1 /* Proyect_Vet.xcdatamodel */,
			);
			currentVersion = B7F1BA482D17CD4E000A4CB1 /* Proyect_Vet.xcdatamodel */;
			path = Proyect_Vet.xcdatamodeld;
			sourceTree = "<group>";
			versionGroupType = wrapper.xcdatamodel;
		};
		B7F1BA572D17E64F000A4CB1 /* VetDataModel.xcdatamodeld */ = {
			isa = XCVersionGroup;
			children = (
				B7F1BA582D17E64F000A4CB1 /* VetDataModel.xcdatamodel */,
			);
			currentVersion = B7F1BA582D17E64F000A4CB1 /* VetDataModel.xcdatamodel */;
			path = VetDataModel.xcdatamodeld;
			sourceTree = "<group>";
			versionGroupType = wrapper.xcdatamodel;
		};
/* End XCVersionGroup section */
	};
	rootObject = B7F1BA332D17CD4E000A4CB1 /* Project object */;
}
